<Solution>
  <Folder Name="/Solution Items/">
    <File Path="README.md" />
  </Folder>
  <Folder Name="/src/">
    <Project Path="src/FinancialMcp.Api/FinancialMcp.Api.csproj" />
    <Project Path="src/FinancialMcp.AppHost/FinancialMcp.AppHost.csproj" />
    <Project Path="src/FinancialMcp.Application/FinancialMcp.Application.csproj" />
    <Project Path="src/FinancialMcp.Domain/FinancialMcp.Domain.csproj" />
    <Project Path="src/FinancialMcp.Infrastructure.Auth/FinancialMcp.Infrastructure.Auth.csproj" Id="8207ffd5-9335-4385-be09-139cb0db72c2" />
    <Project Path="src/FinancialMcp.Infrastructure.Persistence/FinancialMcp.Infrastructure.Persistence.csproj" Id="864f3e1a-45a7-4515-9a2a-8aff1a6a7a70" />
    <Project Path="src/FinancialMcp.Infrastructure/FinancialMcp.Infrastructure.csproj" />
    <Project Path="src/FinancialMcp.ServiceDefaults/FinancialMcp.ServiceDefaults.csproj" />
  </Folder>
  <Folder Name="/tests/">
    <Project Path="tests/FinancialMcp.Api.Tests/FinancialMcp.Api.Tests.csproj" />
    <Project Path="tests/FinancialMcp.Application.Tests/FinancialMcp.Application.Tests.csproj" />
  </Folder>
  <File Path="CLAUDE.md" />
  <File Path="Directory.Build.props" />
  <File Path="Directory.Packages.props" />
</Solution>
